// !$*UTF8*$!
{
	archiveVersion = 1;
	classes = {
	};
	objectVersion = 56;
	objects = {

/* Begin PBXBuildFile section */
		3982A1C629AB717100DB370E /* MoviesListController.swift in Sources */ = {isa = PBXBuildFile; fileRef = 3982A1C529AB717100DB370E /* MoviesListController.swift */; };
		3982A1C829AB717B00DB370E /* MoviesListController.storyboard in Resources */ = {isa = PBXBuildFile; fileRef = 3982A1C729AB717B00DB370E /* MoviesListController.storyboard */; };
		3982A1CD29AB720200DB370E /* MoviesListCell.swift in Sources */ = {isa = PBXBuildFile; fileRef = 3982A1CB29AB720200DB370E /* MoviesListCell.swift */; };
		3982A1CE29AB720200DB370E /* MoviesListCell.xib in Resources */ = {isa = PBXBuildFile; fileRef = 3982A1CC29AB720200DB370E /* MoviesListCell.xib */; };
		3982A1D329AB74D400DB370E /* Movie.swift in Sources */ = {isa = PBXBuildFile; fileRef = 3982A1D229AB74D400DB370E /* Movie.swift */; };
		3982A1D729AB758100DB370E /* MoviesListDataSource.swift in Sources */ = {isa = PBXBuildFile; fileRef = 3982A1D629AB758100DB370E /* MoviesListDataSource.swift */; };
		3982A1DA29AB7A4800DB370E /* MoviesService.swift in Sources */ = {isa = PBXBuildFile; fileRef = 3982A1D929AB7A4800DB370E /* MoviesService.swift */; };
		3982A1DE29AB7A8B00DB370E /* WebServiceManager.swift in Sources */ = {isa = PBXBuildFile; fileRef = 3982A1DD29AB7A8B00DB370E /* WebServiceManager.swift */; };
		3982A1E029AB7AE700DB370E /* WebServiceManager+Error.swift in Sources */ = {isa = PBXBuildFile; fileRef = 3982A1DF29AB7AE700DB370E /* WebServiceManager+Error.swift */; };
		3982A1E229AB7B3500DB370E /* MoviesViewModel.swift in Sources */ = {isa = PBXBuildFile; fileRef = 3982A1E129AB7B3500DB370E /* MoviesViewModel.swift */; };
		3982A1E429AB819700DB370E /* MoviesListViewModel.swift in Sources */ = {isa = PBXBuildFile; fileRef = 3982A1E329AB819700DB370E /* MoviesListViewModel.swift */; };
		DA56F31329ABCD5000BD0FB8 /* DetailViewController.swift in Sources */ = {isa = PBXBuildFile; fileRef = DA56F31229ABCD5000BD0FB8 /* DetailViewController.swift */; };
		DA56F31529ABCD6400BD0FB8 /* DetailViewController.storyboard in Resources */ = {isa = PBXBuildFile; fileRef = DA56F31429ABCD6400BD0FB8 /* DetailViewController.storyboard */; };
		DA9B37C629AB592300407A6C /* SignInViewController.swift in Sources */ = {isa = PBXBuildFile; fileRef = DA9B37C529AB592300407A6C /* SignInViewController.swift */; };
		DAA8594B29AA8CB200E9B29F /* AppDelegate.swift in Sources */ = {isa = PBXBuildFile; fileRef = DAA8594A29AA8CB200E9B29F /* AppDelegate.swift */; };
		DAA8594D29AA8CB200E9B29F /* SceneDelegate.swift in Sources */ = {isa = PBXBuildFile; fileRef = DAA8594C29AA8CB200E9B29F /* SceneDelegate.swift */; };
		DAA8594F29AA8CB200E9B29F /* SignUpViewController.swift in Sources */ = {isa = PBXBuildFile; fileRef = DAA8594E29AA8CB200E9B29F /* SignUpViewController.swift */; };
		DAA8595229AA8CB200E9B29F /* SignUpViewController.storyboard in Resources */ = {isa = PBXBuildFile; fileRef = DAA8595029AA8CB200E9B29F /* SignUpViewController.storyboard */; };
		DAA8595429AA8CB400E9B29F /* Assets.xcassets in Resources */ = {isa = PBXBuildFile; fileRef = DAA8595329AA8CB400E9B29F /* Assets.xcassets */; };
		DAA8595729AA8CB400E9B29F /* LaunchScreen.storyboard in Resources */ = {isa = PBXBuildFile; fileRef = DAA8595529AA8CB400E9B29F /* LaunchScreen.storyboard */; };
/* End PBXBuildFile section */

/* Begin PBXFileReference section */
		3982A1C529AB717100DB370E /* MoviesListController.swift */ = {isa = PBXFileReference; lastKnownFileType = sourcecode.swift; path = MoviesListController.swift; sourceTree = "<group>"; };
		3982A1C729AB717B00DB370E /* MoviesListController.storyboard */ = {isa = PBXFileReference; lastKnownFileType = file.storyboard; path = MoviesListController.storyboard; sourceTree = "<group>"; };
		3982A1CB29AB720200DB370E /* MoviesListCell.swift */ = {isa = PBXFileReference; lastKnownFileType = sourcecode.swift; path = MoviesListCell.swift; sourceTree = "<group>"; };
		3982A1CC29AB720200DB370E /* MoviesListCell.xib */ = {isa = PBXFileReference; lastKnownFileType = file.xib; path = MoviesListCell.xib; sourceTree = "<group>"; };
		3982A1D229AB74D400DB370E /* Movie.swift */ = {isa = PBXFileReference; lastKnownFileType = sourcecode.swift; path = Movie.swift; sourceTree = "<group>"; };
		3982A1D629AB758100DB370E /* MoviesListDataSource.swift */ = {isa = PBXFileReference; lastKnownFileType = sourcecode.swift; path = MoviesListDataSource.swift; sourceTree = "<group>"; };
		3982A1D929AB7A4800DB370E /* MoviesService.swift */ = {isa = PBXFileReference; lastKnownFileType = sourcecode.swift; path = MoviesService.swift; sourceTree = "<group>"; };
		3982A1DD29AB7A8B00DB370E /* WebServiceManager.swift */ = {isa = PBXFileReference; lastKnownFileType = sourcecode.swift; path = WebServiceManager.swift; sourceTree = "<group>"; };
		3982A1DF29AB7AE700DB370E /* WebServiceManager+Error.swift */ = {isa = PBXFileReference; lastKnownFileType = sourcecode.swift; path = "WebServiceManager+Error.swift"; sourceTree = "<group>"; };
		3982A1E129AB7B3500DB370E /* MoviesViewModel.swift */ = {isa = PBXFileReference; lastKnownFileType = sourcecode.swift; path = MoviesViewModel.swift; sourceTree = "<group>"; };
		3982A1E329AB819700DB370E /* MoviesListViewModel.swift */ = {isa = PBXFileReference; lastKnownFileType = sourcecode.swift; path = MoviesListViewModel.swift; sourceTree = "<group>"; };
		DA56F31229ABCD5000BD0FB8 /* DetailViewController.swift */ = {isa = PBXFileReference; lastKnownFileType = sourcecode.swift; path = DetailViewController.swift; sourceTree = "<group>"; };
		DA56F31429ABCD6400BD0FB8 /* DetailViewController.storyboard */ = {isa = PBXFileReference; lastKnownFileType = file.storyboard; path = DetailViewController.storyboard; sourceTree = "<group>"; };
		DA9B37C529AB592300407A6C /* SignInViewController.swift */ = {isa = PBXFileReference; lastKnownFileType = sourcecode.swift; path = SignInViewController.swift; sourceTree = "<group>"; };
		DAA8594729AA8CB200E9B29F /* Exercise24.app */ = {isa = PBXFileReference; explicitFileType = wrapper.application; includeInIndex = 0; path = Exercise24.app; sourceTree = BUILT_PRODUCTS_DIR; };
		DAA8594A29AA8CB200E9B29F /* AppDelegate.swift */ = {isa = PBXFileReference; lastKnownFileType = sourcecode.swift; path = AppDelegate.swift; sourceTree = "<group>"; };
		DAA8594C29AA8CB200E9B29F /* SceneDelegate.swift */ = {isa = PBXFileReference; lastKnownFileType = sourcecode.swift; path = SceneDelegate.swift; sourceTree = "<group>"; };
		DAA8594E29AA8CB200E9B29F /* SignUpViewController.swift */ = {isa = PBXFileReference; lastKnownFileType = sourcecode.swift; path = SignUpViewController.swift; sourceTree = "<group>"; };
		DAA8595129AA8CB200E9B29F /* Base */ = {isa = PBXFileReference; lastKnownFileType = file.storyboard; name = Base; path = Base.lproj/SignUpViewController.storyboard; sourceTree = "<group>"; };
		DAA8595329AA8CB400E9B29F /* Assets.xcassets */ = {isa = PBXFileReference; lastKnownFileType = folder.assetcatalog; path = Assets.xcassets; sourceTree = "<group>"; };
		DAA8595629AA8CB400E9B29F /* Base */ = {isa = PBXFileReference; lastKnownFileType = file.storyboard; name = Base; path = Base.lproj/LaunchScreen.storyboard; sourceTree = "<group>"; };
		DAA8595829AA8CB400E9B29F /* Info.plist */ = {isa = PBXFileReference; lastKnownFileType = text.plist.xml; path = Info.plist; sourceTree = "<group>"; };
/* End PBXFileReference section */

/* Begin PBXFrameworksBuildPhase section */
		DAA8594429AA8CB200E9B29F /* Frameworks */ = {
			isa = PBXFrameworksBuildPhase;
			buildActionMask = 2147483647;
			files = (
			);
			runOnlyForDeploymentPostprocessing = 0;
		};
/* End PBXFrameworksBuildPhase section */

/* Begin PBXGroup section */
		3982A1C429AB713500DB370E /* MoviesListController */ = {
			isa = PBXGroup;
			children = (
				3982A1D429AB750E00DB370E /* View */,
				3982A1D529AB752E00DB370E /* ViewModel */,
			);
			path = MoviesListController;
			sourceTree = "<group>";
		};
		3982A1CA29AB71D800DB370E /* MoviesListCell */ = {
			isa = PBXGroup;
			children = (
				3982A1CB29AB720200DB370E /* MoviesListCell.swift */,
				3982A1CC29AB720200DB370E /* MoviesListCell.xib */,
			);
			path = MoviesListCell;
			sourceTree = "<group>";
		};
		3982A1D029AB742000DB370E /* Domain */ = {
			isa = PBXGroup;
			children = (
				3982A1D129AB74C000DB370E /* Model */,
			);
			path = Domain;
			sourceTree = "<group>";
		};
		3982A1D129AB74C000DB370E /* Model */ = {
			isa = PBXGroup;
			children = (
				3982A1D229AB74D400DB370E /* Movie.swift */,
			);
			path = Model;
			sourceTree = "<group>";
		};
		3982A1D429AB750E00DB370E /* View */ = {
			isa = PBXGroup;
			children = (
				DA56F31029ABCD0600BD0FB8 /* Scenes */,
				3982A1CA29AB71D800DB370E /* MoviesListCell */,
				3982A1C729AB717B00DB370E /* MoviesListController.storyboard */,
				3982A1C529AB717100DB370E /* MoviesListController.swift */,
			);
			path = View;
			sourceTree = "<group>";
		};
		3982A1D529AB752E00DB370E /* ViewModel */ = {
			isa = PBXGroup;
			children = (
				3982A1D629AB758100DB370E /* MoviesListDataSource.swift */,
				3982A1E329AB819700DB370E /* MoviesListViewModel.swift */,
				3982A1E129AB7B3500DB370E /* MoviesViewModel.swift */,
			);
			path = ViewModel;
			sourceTree = "<group>";
		};
		3982A1D829AB7A2500DB370E /* Infrastructure */ = {
			isa = PBXGroup;
			children = (
				3982A1DC29AB7A7000DB370E /* Networking */,
				3982A1DB29AB7A5A00DB370E /* Services */,
			);
			path = Infrastructure;
			sourceTree = "<group>";
		};
		3982A1DB29AB7A5A00DB370E /* Services */ = {
			isa = PBXGroup;
			children = (
				3982A1D929AB7A4800DB370E /* MoviesService.swift */,
			);
			path = Services;
			sourceTree = "<group>";
		};
		3982A1DC29AB7A7000DB370E /* Networking */ = {
			isa = PBXGroup;
			children = (
				3982A1DD29AB7A8B00DB370E /* WebServiceManager.swift */,
				3982A1DF29AB7AE700DB370E /* WebServiceManager+Error.swift */,
			);
			path = Networking;
			sourceTree = "<group>";
		};
		DA56F31029ABCD0600BD0FB8 /* Scenes */ = {
			isa = PBXGroup;
			children = (
				DA56F31229ABCD5000BD0FB8 /* DetailViewController.swift */,
				DA56F31429ABCD6400BD0FB8 /* DetailViewController.storyboard */,
				DA56F31129ABCD1D00BD0FB8 /* SimilarCollectionCell */,
			);
			path = Scenes;
			sourceTree = "<group>";
		};
		DA56F31129ABCD1D00BD0FB8 /* SimilarCollectionCell */ = {
			isa = PBXGroup;
			children = (
			);
			path = SimilarCollectionCell;
			sourceTree = "<group>";
		};
		DA9B37C429AB589900407A6C /* Registration */ = {
			isa = PBXGroup;
			children = (
				DAA8594E29AA8CB200E9B29F /* SignUpViewController.swift */,
				DAA8595029AA8CB200E9B29F /* SignUpViewController.storyboard */,
				DA9B37C529AB592300407A6C /* SignInViewController.swift */,
			);
			path = Registration;
			sourceTree = "<group>";
		};
		DAA8593E29AA8CB200E9B29F = {
			isa = PBXGroup;
			children = (
				DAA8594929AA8CB200E9B29F /* Exercise24 */,
				DAA8594829AA8CB200E9B29F /* Products */,
			);
			sourceTree = "<group>";
		};
		DAA8594829AA8CB200E9B29F /* Products */ = {
			isa = PBXGroup;
			children = (
				DAA8594729AA8CB200E9B29F /* Exercise24.app */,
			);
			name = Products;
			sourceTree = "<group>";
		};
		DAA8594929AA8CB200E9B29F /* Exercise24 */ = {
			isa = PBXGroup;
			children = (
				3982A1D829AB7A2500DB370E /* Infrastructure */,
				3982A1D029AB742000DB370E /* Domain */,
				3982A1C429AB713500DB370E /* MoviesListController */,
				DAA8595E29AA8E6100E9B29F /* Application */,
				DA9B37C429AB589900407A6C /* Registration */,
				DAA8595329AA8CB400E9B29F /* Assets.xcassets */,
				DAA8595529AA8CB400E9B29F /* LaunchScreen.storyboard */,
				DAA8595829AA8CB400E9B29F /* Info.plist */,
			);
			path = Exercise24;
			sourceTree = "<group>";
		};
		DAA8595E29AA8E6100E9B29F /* Application */ = {
			isa = PBXGroup;
			children = (
				DAA8594A29AA8CB200E9B29F /* AppDelegate.swift */,
				DAA8594C29AA8CB200E9B29F /* SceneDelegate.swift */,
			);
			path = Application;
			sourceTree = "<group>";
		};
/* End PBXGroup section */

/* Begin PBXNativeTarget section */
		DAA8594629AA8CB200E9B29F /* Exercise24 */ = {
			isa = PBXNativeTarget;
			buildConfigurationList = DAA8595B29AA8CB400E9B29F /* Build configuration list for PBXNativeTarget "Exercise24" */;
			buildPhases = (
				DAA8594329AA8CB200E9B29F /* Sources */,
				DAA8594429AA8CB200E9B29F /* Frameworks */,
				DAA8594529AA8CB200E9B29F /* Resources */,
			);
			buildRules = (
			);
			dependencies = (
			);
			name = Exercise24;
			productName = Exercise24;
			productReference = DAA8594729AA8CB200E9B29F /* Exercise24.app */;
			productType = "com.apple.product-type.application";
		};
/* End PBXNativeTarget section */

/* Begin PBXProject section */
		DAA8593F29AA8CB200E9B29F /* Project object */ = {
			isa = PBXProject;
			attributes = {
				BuildIndependentTargetsInParallel = 1;
				LastSwiftUpdateCheck = 1420;
				LastUpgradeCheck = 1420;
				TargetAttributes = {
					DAA8594629AA8CB200E9B29F = {
						CreatedOnToolsVersion = 14.2;
					};
				};
			};
			buildConfigurationList = DAA8594229AA8CB200E9B29F /* Build configuration list for PBXProject "Exercise24" */;
			compatibilityVersion = "Xcode 14.0";
			developmentRegion = en;
			hasScannedForEncodings = 0;
			knownRegions = (
				en,
				Base,
			);
			mainGroup = DAA8593E29AA8CB200E9B29F;
			productRefGroup = DAA8594829AA8CB200E9B29F /* Products */;
			projectDirPath = "";
			projectRoot = "";
			targets = (
				DAA8594629AA8CB200E9B29F /* Exercise24 */,
			);
		};
/* End PBXProject section */

/* Begin PBXResourcesBuildPhase section */
		DAA8594529AA8CB200E9B29F /* Resources */ = {
			isa = PBXResourcesBuildPhase;
			buildActionMask = 2147483647;
			files = (
				DAA8595729AA8CB400E9B29F /* LaunchScreen.storyboard in Resources */,
				3982A1C829AB717B00DB370E /* MoviesListController.storyboard in Resources */,
				3982A1CE29AB720200DB370E /* MoviesListCell.xib in Resources */,
				DAA8595429AA8CB400E9B29F /* Assets.xcassets in Resources */,
				DA56F31529ABCD6400BD0FB8 /* DetailViewController.storyboard in Resources */,
				DAA8595229AA8CB200E9B29F /* SignUpViewController.storyboard in Resources */,
			);
			runOnlyForDeploymentPostprocessing = 0;
		};
/* End PBXResourcesBuildPhase section */

/* Begin PBXSourcesBuildPhase section */
		DAA8594329AA8CB200E9B29F /* Sources */ = {
			isa = PBXSourcesBuildPhase;
			buildActionMask = 2147483647;
			files = (
				3982A1DE29AB7A8B00DB370E /* WebServiceManager.swift in Sources */,
				3982A1D329AB74D400DB370E /* Movie.swift in Sources */,
				DA9B37C629AB592300407A6C /* SignInViewController.swift in Sources */,
				DAA8594F29AA8CB200E9B29F /* SignUpViewController.swift in Sources */,
				DAA8594B29AA8CB200E9B29F /* AppDelegate.swift in Sources */,
				3982A1C629AB717100DB370E /* MoviesListController.swift in Sources */,
				3982A1DA29AB7A4800DB370E /* MoviesService.swift in Sources */,
				3982A1E429AB819700DB370E /* MoviesListViewModel.swift in Sources */,
				3982A1E229AB7B3500DB370E /* MoviesViewModel.swift in Sources */,
				3982A1CD29AB720200DB370E /* MoviesListCell.swift in Sources */,
				3982A1E029AB7AE700DB370E /* WebServiceManager+Error.swift in Sources */,
				DAA8594D29AA8CB200E9B29F /* SceneDelegate.swift in Sources */,
				3982A1D729AB758100DB370E /* MoviesListDataSource.swift in Sources */,
				DA56F31329ABCD5000BD0FB8 /* DetailViewController.swift in Sources */,
			);
			runOnlyForDeploymentPostprocessing = 0;
		};
/* End PBXSourcesBuildPhase section */

/* Begin PBXVariantGroup section */
		DAA8595029AA8CB200E9B29F /* SignUpViewController.storyboard */ = {
			isa = PBXVariantGroup;
			children = (
				DAA8595129AA8CB200E9B29F /* Base */,
			);
			name = SignUpViewController.storyboard;
			sourceTree = "<group>";
		};
		DAA8595529AA8CB400E9B29F /* LaunchScreen.storyboard */ = {
			isa = PBXVariantGroup;
			children = (
				DAA8595629AA8CB400E9B29F /* Base */,
			);
			name = LaunchScreen.storyboard;
			sourceTree = "<group>";
		};
/* End PBXVariantGroup section */

/* Begin XCBuildConfiguration section */
		DAA8595929AA8CB400E9B29F /* Debug */ = {
			isa = XCBuildConfiguration;
			buildSettings = {
				ALWAYS_SEARCH_USER_PATHS = NO;
				CLANG_ANALYZER_NONNULL = YES;
				CLANG_ANALYZER_NUMBER_OBJECT_CONVERSION = YES_AGGRESSIVE;
				CLANG_CXX_LANGUAGE_STANDARD = "gnu++20";
				CLANG_ENABLE_MODULES = YES;
				CLANG_ENABLE_OBJC_ARC = YES;
				CLANG_ENABLE_OBJC_WEAK = YES;
				CLANG_WARN_BLOCK_CAPTURE_AUTORELEASING = YES;
				CLANG_WARN_BOOL_CONVERSION = YES;
				CLANG_WARN_COMMA = YES;
				CLANG_WARN_CONSTANT_CONVERSION = YES;
				CLANG_WARN_DEPRECATED_OBJC_IMPLEMENTATIONS = YES;
				CLANG_WARN_DIRECT_OBJC_ISA_USAGE = YES_ERROR;
				CLANG_WARN_DOCUMENTATION_COMMENTS = YES;
				CLANG_WARN_EMPTY_BODY = YES;
				CLANG_WARN_ENUM_CONVERSION = YES;
				CLANG_WARN_INFINITE_RECURSION = YES;
				CLANG_WARN_INT_CONVERSION = YES;
				CLANG_WARN_NON_LITERAL_NULL_CONVERSION = YES;
				CLANG_WARN_OBJC_IMPLICIT_RETAIN_SELF = YES;
				CLANG_WARN_OBJC_LITERAL_CONVERSION = YES;
				CLANG_WARN_OBJC_ROOT_CLASS = YES_ERROR;
				CLANG_WARN_QUOTED_INCLUDE_IN_FRAMEWORK_HEADER = YES;
				CLANG_WARN_RANGE_LOOP_ANALYSIS = YES;
				CLANG_WARN_STRICT_PROTOTYPES = YES;
				CLANG_WARN_SUSPICIOUS_MOVE = YES;
				CLANG_WARN_UNGUARDED_AVAILABILITY = YES_AGGRESSIVE;
				CLANG_WARN_UNREACHABLE_CODE = YES;
				CLANG_WARN__DUPLICATE_METHOD_MATCH = YES;
				COPY_PHASE_STRIP = NO;
				DEBUG_INFORMATION_FORMAT = dwarf;
				ENABLE_STRICT_OBJC_MSGSEND = YES;
				ENABLE_TESTABILITY = YES;
				GCC_C_LANGUAGE_STANDARD = gnu11;
				GCC_DYNAMIC_NO_PIC = NO;
				GCC_NO_COMMON_BLOCKS = YES;
				GCC_OPTIMIZATION_LEVEL = 0;
				GCC_PREPROCESSOR_DEFINITIONS = (
					"DEBUG=1",
					"$(inherited)",
				);
				GCC_WARN_64_TO_32_BIT_CONVERSION = YES;
				GCC_WARN_ABOUT_RETURN_TYPE = YES_ERROR;
				GCC_WARN_UNDECLARED_SELECTOR = YES;
				GCC_WARN_UNINITIALIZED_AUTOS = YES_AGGRESSIVE;
				GCC_WARN_UNUSED_FUNCTION = YES;
				GCC_WARN_UNUSED_VARIABLE = YES;
				IPHONEOS_DEPLOYMENT_TARGET = 16.2;
				MTL_ENABLE_DEBUG_INFO = INCLUDE_SOURCE;
				MTL_FAST_MATH = YES;
				ONLY_ACTIVE_ARCH = YES;
				SDKROOT = iphoneos;
				SWIFT_ACTIVE_COMPILATION_CONDITIONS = DEBUG;
				SWIFT_OPTIMIZATION_LEVEL = "-Onone";
			};
			name = Debug;
		};
		DAA8595A29AA8CB400E9B29F /* Release */ = {
			isa = XCBuildConfiguration;
			buildSettings = {
				ALWAYS_SEARCH_USER_PATHS = NO;
				CLANG_ANALYZER_NONNULL = YES;
				CLANG_ANALYZER_NUMBER_OBJECT_CONVERSION = YES_AGGRESSIVE;
				CLANG_CXX_LANGUAGE_STANDARD = "gnu++20";
				CLANG_ENABLE_MODULES = YES;
				CLANG_ENABLE_OBJC_ARC = YES;
				CLANG_ENABLE_OBJC_WEAK = YES;
				CLANG_WARN_BLOCK_CAPTURE_AUTORELEASING = YES;
				CLANG_WARN_BOOL_CONVERSION = YES;
				CLANG_WARN_COMMA = YES;
				CLANG_WARN_CONSTANT_CONVERSION = YES;
				CLANG_WARN_DEPRECATED_OBJC_IMPLEMENTATIONS = YES;
				CLANG_WARN_DIRECT_OBJC_ISA_USAGE = YES_ERROR;
				CLANG_WARN_DOCUMENTATION_COMMENTS = YES;
				CLANG_WARN_EMPTY_BODY = YES;
				CLANG_WARN_ENUM_CONVERSION = YES;
				CLANG_WARN_INFINITE_RECURSION = YES;
				CLANG_WARN_INT_CONVERSION = YES;
				CLANG_WARN_NON_LITERAL_NULL_CONVERSION = YES;
				CLANG_WARN_OBJC_IMPLICIT_RETAIN_SELF = YES;
				CLANG_WARN_OBJC_LITERAL_CONVERSION = YES;
				CLANG_WARN_OBJC_ROOT_CLASS = YES_ERROR;
				CLANG_WARN_QUOTED_INCLUDE_IN_FRAMEWORK_HEADER = YES;
				CLANG_WARN_RANGE_LOOP_ANALYSIS = YES;
				CLANG_WARN_STRICT_PROTOTYPES = YES;
				CLANG_WARN_SUSPICIOUS_MOVE = YES;
				CLANG_WARN_UNGUARDED_AVAILABILITY = YES_AGGRESSIVE;
				CLANG_WARN_UNREACHABLE_CODE = YES;
				CLANG_WARN__DUPLICATE_METHOD_MATCH = YES;
				COPY_PHASE_STRIP = NO;
				DEBUG_INFORMATION_FORMAT = "dwarf-with-dsym";
				ENABLE_NS_ASSERTIONS = NO;
				ENABLE_STRICT_OBJC_MSGSEND = YES;
				GCC_C_LANGUAGE_STANDARD = gnu11;
				GCC_NO_COMMON_BLOCKS = YES;
				GCC_WARN_64_TO_32_BIT_CONVERSION = YES;
				GCC_WARN_ABOUT_RETURN_TYPE = YES_ERROR;
				GCC_WARN_UNDECLARED_SELECTOR = YES;
				GCC_WARN_UNINITIALIZED_AUTOS = YES_AGGRESSIVE;
				GCC_WARN_UNUSED_FUNCTION = YES;
				GCC_WARN_UNUSED_VARIABLE = YES;
				IPHONEOS_DEPLOYMENT_TARGET = 16.2;
				MTL_ENABLE_DEBUG_INFO = NO;
				MTL_FAST_MATH = YES;
				SDKROOT = iphoneos;
				SWIFT_COMPILATION_MODE = wholemodule;
				SWIFT_OPTIMIZATION_LEVEL = "-O";
				VALIDATE_PRODUCT = YES;
			};
			name = Release;
		};
		DAA8595C29AA8CB400E9B29F /* Debug */ = {
			isa = XCBuildConfiguration;
			buildSettings = {
				ASSETCATALOG_COMPILER_APPICON_NAME = AppIcon;
				ASSETCATALOG_COMPILER_GLOBAL_ACCENT_COLOR_NAME = AccentColor;
				CODE_SIGN_STYLE = Automatic;
				CURRENT_PROJECT_VERSION = 1;
				DEVELOPMENT_TEAM = W25CN6H3TY;
				GENERATE_INFOPLIST_FILE = YES;
				INFOPLIST_FILE = Exercise24/Info.plist;
				INFOPLIST_KEY_UIApplicationSupportsIndirectInputEvents = YES;
				INFOPLIST_KEY_UILaunchStoryboardName = LaunchScreen;
				INFOPLIST_KEY_UIMainStoryboardFile = SignUpViewController;
				INFOPLIST_KEY_UISupportedInterfaceOrientations_iPad = "UIInterfaceOrientationPortrait UIInterfaceOrientationPortraitUpsideDown UIInterfaceOrientationLandscapeLeft UIInterfaceOrientationLandscapeRight";
				INFOPLIST_KEY_UISupportedInterfaceOrientations_iPhone = "UIInterfaceOrientationPortrait UIInterfaceOrientationLandscapeLeft UIInterfaceOrientationLandscapeRight";
				IPHONEOS_DEPLOYMENT_TARGET = 15.0;
				LD_RUNPATH_SEARCH_PATHS = (
					"$(inherited)",
					"@executable_path/Frameworks",
				);
				MARKETING_VERSION = 1.0;
				PRODUCT_BUNDLE_IDENTIFIER = TazoG.Exercise24;
				PRODUCT_NAME = "$(TARGET_NAME)";
				SWIFT_EMIT_LOC_STRINGS = YES;
				SWIFT_VERSION = 5.0;
				TARGETED_DEVICE_FAMILY = "1,2";
			};
			name = Debug;
		};
		DAA8595D29AA8CB400E9B29F /* Release */ = {
			isa = XCBuildConfiguration;
			buildSettings = {
				ASSETCATALOG_COMPILER_APPICON_NAME = AppIcon;
				ASSETCATALOG_COMPILER_GLOBAL_ACCENT_COLOR_NAME = AccentColor;
				CODE_SIGN_STYLE = Automatic;
				CURRENT_PROJECT_VERSION = 1;
				DEVELOPMENT_TEAM = W25CN6H3TY;
				GENERATE_INFOPLIST_FILE = YES;
				INFOPLIST_FILE = Exercise24/Info.plist;
				INFOPLIST_KEY_UIApplicationSupportsIndirectInputEvents = YES;
				INFOPLIST_KEY_UILaunchStoryboardName = LaunchScreen;
				INFOPLIST_KEY_UIMainStoryboardFile = SignUpViewController;
				INFOPLIST_KEY_UISupportedInterfaceOrientations_iPad = "UIInterfaceOrientationPortrait UIInterfaceOrientationPortraitUpsideDown UIInterfaceOrientationLandscapeLeft UIInterfaceOrientationLandscapeRight";
				INFOPLIST_KEY_UISupportedInterfaceOrientations_iPhone = "UIInterfaceOrientationPortrait UIInterfaceOrientationLandscapeLeft UIInterfaceOrientationLandscapeRight";
				IPHONEOS_DEPLOYMENT_TARGET = 15.0;
				LD_RUNPATH_SEARCH_PATHS = (
					"$(inherited)",
					"@executable_path/Frameworks",
				);
				MARKETING_VERSION = 1.0;
				PRODUCT_BUNDLE_IDENTIFIER = TazoG.Exercise24;
				PRODUCT_NAME = "$(TARGET_NAME)";
				SWIFT_EMIT_LOC_STRINGS = YES;
				SWIFT_VERSION = 5.0;
				TARGETED_DEVICE_FAMILY = "1,2";
			};
			name = Release;
		};
/* End XCBuildConfiguration section */

/* Begin XCConfigurationList section */
		DAA8594229AA8CB200E9B29F /* Build configuration list for PBXProject "Exercise24" */ = {
			isa = XCConfigurationList;
			buildConfigurations = (
				DAA8595929AA8CB400E9B29F /* Debug */,
				DAA8595A29AA8CB400E9B29F /* Release */,
			);
			defaultConfigurationIsVisible = 0;
			defaultConfigurationName = Release;
		};
		DAA8595B29AA8CB400E9B29F /* Build configuration list for PBXNativeTarget "Exercise24" */ = {
			isa = XCConfigurationList;
			buildConfigurations = (
				DAA8595C29AA8CB400E9B29F /* Debug */,
				DAA8595D29AA8CB400E9B29F /* Release */,
			);
			defaultConfigurationIsVisible = 0;
			defaultConfigurationName = Release;
		};
/* End XCConfigurationList section */
	};
	rootObject = DAA8593F29AA8CB200E9B29F /* Project object */;
}
